
Microsoft Visual Studio Solution File, Format Version 12.00
# Visual Studio Version 16
VisualStudioVersion = 16.0.29709.97
MinimumVisualStudioVersion = 10.0.40219.1
Project("{FAE04EC0-301F-11D3-BF4B-00C04F79EFBC}") = "Practica15_Marroquin", "Practica15_Marroquin\Practica15_Marroquin.csproj", "{87CEA93A-1B18-44E9-AFC5-7DAB2CA987E8}"
EndProject
Global
	GlobalSection(SolutionConfigurationPlatforms) = preSolution
		Debug|Any CPU = Debug|Any CPU
		Release|Any CPU = Release|Any CPU
	EndGlobalSection
	GlobalSection(ProjectConfigurationPlatforms) = postSolution
		{87CEA93A-1B18-44E9-AFC5-7DAB2CA987E8}.Debug|Any CPU.ActiveCfg = Debug|Any CPU
		{87CEA93A-1B18-44E9-AFC5-7DAB2CA987E8}.Debug|Any CPU.Build.0 = Debug|Any CPU
		{87CEA93A-1B18-44E9-AFC5-7DAB2CA987E8}.Release|Any CPU.ActiveCfg = Release|Any CPU
		{87CEA93A-1B18-44E9-AFC5-7DAB2CA987E8}.Release|Any CPU.Build.0 = Release|Any CPU
	EndGlobalSection
	GlobalSection(SolutionProperties) = preSolution
		HideSolutionNode = FALSE
	EndGlobalSection
	GlobalSection(ExtensibilityGlobals) = postSolution
		SolutionGuid = {0A6BE6E9-EB4A-4516-B0C2-6C9A3DC8DE12}
	EndGlobalSection
EndGlobal
