
Microsoft Visual Studio Solution File, Format Version 12.00
# Visual Studio Version 16
VisualStudioVersion = 16.0.29920.165
MinimumVisualStudioVersion = 10.0.40219.1
Project("{FAE04EC0-301F-11D3-BF4B-00C04F79EFBC}") = "Proyecto2_OperacionesConjuntoCompleto", "Proyecto2_OperacionesConjuntoCompleto\Proyecto2_OperacionesConjuntoCompleto.csproj", "{FF88E85C-5D89-42C8-A514-E37BA817FC42}"
EndProject
Global
	GlobalSection(SolutionConfigurationPlatforms) = preSolution
		Debug|Any CPU = Debug|Any CPU
		Release|Any CPU = Release|Any CPU
	EndGlobalSection
	GlobalSection(ProjectConfigurationPlatforms) = postSolution
		{FF88E85C-5D89-42C8-A514-E37BA817FC42}.Debug|Any CPU.ActiveCfg = Debug|Any CPU
		{FF88E85C-5D89-42C8-A514-E37BA817FC42}.Debug|Any CPU.Build.0 = Debug|Any CPU
		{FF88E85C-5D89-42C8-A514-E37BA817FC42}.Release|Any CPU.ActiveCfg = Release|Any CPU
		{FF88E85C-5D89-42C8-A514-E37BA817FC42}.Release|Any CPU.Build.0 = Release|Any CPU
	EndGlobalSection
	GlobalSection(SolutionProperties) = preSolution
		HideSolutionNode = FALSE
	EndGlobalSection
	GlobalSection(ExtensibilityGlobals) = postSolution
		SolutionGuid = {B72560A5-B772-4F20-B57D-3410FAD203DC}
	EndGlobalSection
EndGlobal
