
Microsoft Visual Studio Solution File, Format Version 12.00
# Visual Studio Version 16
VisualStudioVersion = 16.0.29709.97
MinimumVisualStudioVersion = 10.0.40219.1
Project("{FAE04EC0-301F-11D3-BF4B-00C04F79EFBC}") = "Proyecto1_Oper_In_Array", "Proyecto1_Oper_In_Array\Proyecto1_Oper_In_Array.csproj", "{0B74EE21-6FDA-471E-AE6C-A4FEF9C574F6}"
EndProject
Global
	GlobalSection(SolutionConfigurationPlatforms) = preSolution
		Debug|Any CPU = Debug|Any CPU
		Release|Any CPU = Release|Any CPU
	EndGlobalSection
	GlobalSection(ProjectConfigurationPlatforms) = postSolution
		{0B74EE21-6FDA-471E-AE6C-A4FEF9C574F6}.Debug|Any CPU.ActiveCfg = Debug|Any CPU
		{0B74EE21-6FDA-471E-AE6C-A4FEF9C574F6}.Debug|Any CPU.Build.0 = Debug|Any CPU
		{0B74EE21-6FDA-471E-AE6C-A4FEF9C574F6}.Release|Any CPU.ActiveCfg = Release|Any CPU
		{0B74EE21-6FDA-471E-AE6C-A4FEF9C574F6}.Release|Any CPU.Build.0 = Release|Any CPU
	EndGlobalSection
	GlobalSection(SolutionProperties) = preSolution
		HideSolutionNode = FALSE
	EndGlobalSection
	GlobalSection(ExtensibilityGlobals) = postSolution
		SolutionGuid = {561D2DEF-17AC-42C6-9C2A-E9DF4F92BC0E}
	EndGlobalSection
EndGlobal
