
Microsoft Visual Studio Solution File, Format Version 12.00
# Visual Studio Version 16
VisualStudioVersion = 16.0.29709.97
MinimumVisualStudioVersion = 10.0.40219.1
Project("{FAE04EC0-301F-11D3-BF4B-00C04F79EFBC}") = "Practica6_Marroquin", "Practica6_Marroquin\Practica6_Marroquin.csproj", "{218947ED-0A0D-42EA-AA18-0F347AC3C06F}"
EndProject
Global
	GlobalSection(SolutionConfigurationPlatforms) = preSolution
		Debug|Any CPU = Debug|Any CPU
		Release|Any CPU = Release|Any CPU
	EndGlobalSection
	GlobalSection(ProjectConfigurationPlatforms) = postSolution
		{218947ED-0A0D-42EA-AA18-0F347AC3C06F}.Debug|Any CPU.ActiveCfg = Debug|Any CPU
		{218947ED-0A0D-42EA-AA18-0F347AC3C06F}.Debug|Any CPU.Build.0 = Debug|Any CPU
		{218947ED-0A0D-42EA-AA18-0F347AC3C06F}.Release|Any CPU.ActiveCfg = Release|Any CPU
		{218947ED-0A0D-42EA-AA18-0F347AC3C06F}.Release|Any CPU.Build.0 = Release|Any CPU
	EndGlobalSection
	GlobalSection(SolutionProperties) = preSolution
		HideSolutionNode = FALSE
	EndGlobalSection
	GlobalSection(ExtensibilityGlobals) = postSolution
		SolutionGuid = {8C23B511-1DF0-4D62-B4A9-36F4DA6080E3}
	EndGlobalSection
EndGlobal
