
Microsoft Visual Studio Solution File, Format Version 12.00
# Visual Studio Version 16
VisualStudioVersion = 16.0.29709.97
MinimumVisualStudioVersion = 10.0.40219.1
Project("{FAE04EC0-301F-11D3-BF4B-00C04F79EFBC}") = "Practica14_Marroquin", "Practica14_Marroquin\Practica14_Marroquin.csproj", "{47F022B1-708D-47C4-952A-7DEA077D167E}"
EndProject
Global
	GlobalSection(SolutionConfigurationPlatforms) = preSolution
		Debug|Any CPU = Debug|Any CPU
		Release|Any CPU = Release|Any CPU
	EndGlobalSection
	GlobalSection(ProjectConfigurationPlatforms) = postSolution
		{47F022B1-708D-47C4-952A-7DEA077D167E}.Debug|Any CPU.ActiveCfg = Debug|Any CPU
		{47F022B1-708D-47C4-952A-7DEA077D167E}.Debug|Any CPU.Build.0 = Debug|Any CPU
		{47F022B1-708D-47C4-952A-7DEA077D167E}.Release|Any CPU.ActiveCfg = Release|Any CPU
		{47F022B1-708D-47C4-952A-7DEA077D167E}.Release|Any CPU.Build.0 = Release|Any CPU
	EndGlobalSection
	GlobalSection(SolutionProperties) = preSolution
		HideSolutionNode = FALSE
	EndGlobalSection
	GlobalSection(ExtensibilityGlobals) = postSolution
		SolutionGuid = {9C4B73E1-F4EB-41F2-B0A9-A6BD988EA0FD}
	EndGlobalSection
EndGlobal
