
Microsoft Visual Studio Solution File, Format Version 12.00
# Visual Studio Version 16
VisualStudioVersion = 16.0.29709.97
MinimumVisualStudioVersion = 10.0.40219.1
Project("{FAE04EC0-301F-11D3-BF4B-00C04F79EFBC}") = "Tratamiento_Matrices", "Tratamiento_Matrices\Tratamiento_Matrices.csproj", "{7C39CF1E-1823-4C68-8FE2-102B706CE210}"
EndProject
Global
	GlobalSection(SolutionConfigurationPlatforms) = preSolution
		Debug|Any CPU = Debug|Any CPU
		Release|Any CPU = Release|Any CPU
	EndGlobalSection
	GlobalSection(ProjectConfigurationPlatforms) = postSolution
		{7C39CF1E-1823-4C68-8FE2-102B706CE210}.Debug|Any CPU.ActiveCfg = Debug|Any CPU
		{7C39CF1E-1823-4C68-8FE2-102B706CE210}.Debug|Any CPU.Build.0 = Debug|Any CPU
		{7C39CF1E-1823-4C68-8FE2-102B706CE210}.Release|Any CPU.ActiveCfg = Release|Any CPU
		{7C39CF1E-1823-4C68-8FE2-102B706CE210}.Release|Any CPU.Build.0 = Release|Any CPU
	EndGlobalSection
	GlobalSection(SolutionProperties) = preSolution
		HideSolutionNode = FALSE
	EndGlobalSection
	GlobalSection(ExtensibilityGlobals) = postSolution
		SolutionGuid = {5E785CD1-2CF6-4C42-9151-2E745E58414E}
	EndGlobalSection
EndGlobal
